# This file is automatically @generated by Cargo.
# It is not intended for manual editing.
version = 4

[[package]]
name = "anstyle"
version = "1.0.13"
source = "registry+https://github.com/rust-lang/crates.io-index"
checksum = "5192cca8006f1fd4f7237516f40fa183bb07f8fbdfedaa0036de5ea9b0b45e78"

[[package]]
name = "clap"
version = "4.5.51"
source = "registry+https://github.com/rust-lang/crates.io-index"
checksum = "4c26d721170e0295f191a69bd9a1f93efcdb0aff38684b61ab5750468972e5f5"
dependencies = [
 "clap_builder",
]

[[package]]
name = "clap_builder"
version = "4.5.51"
source = "registry+https://github.com/rust-lang/crates.io-index"
checksum = "75835f0c7bf681bfd05abe44e965760fea999a5286c6eb2d59883634fd02011a"
dependencies = [
 "anstyle",
 "clap_lex",
]

[[package]]
name = "clap_complete"
version = "4.5.60"
source = "registry+https://github.com/rust-lang/crates.io-index"
checksum = "8e602857739c5a4291dfa33b5a298aeac9006185229a700e5810a3ef7272d971"
dependencies = [
 "clap",
]

[[package]]
name = "clap_lex"
version = "0.7.6"
source = "registry+https://github.com/rust-lang/crates.io-index"
checksum = "a1d728cc89cf3aee9ff92b05e62b19ee65a02b5702cff7d5a377e32c6ae29d8d"

[[package]]
name = "moneymq-cli"
version = "0.1.0"
dependencies = [
 "clap",
 "clap_complete",
]
